hash: 481da05110096809fe67986939dbb0f2e9a5b706639f1ae74381ec9fbdda0ea5
updated: 2017-04-24T08:33:40.489547857+10:00
imports:
- name: github.com/aws/aws-sdk-go
  version: f6ea558f30e0a983d529b32c741e4caed17c7df0
  subpackages:
  - aws
  - aws/awserr
  - aws/awsutil
  - aws/client
  - aws/client/metadata
  - aws/corehandlers
  - aws/credentials
  - aws/credentials/ec2rolecreds
  - aws/credentials/endpointcreds
  - aws/credentials/stscreds
  - aws/defaults
  - aws/ec2metadata
  - aws/endpoints
  - aws/request
  - aws/session
  - aws/signer/v4
  - private/protocol
  - private/protocol/query
  - private/protocol/query/queryutil
  - private/protocol/rest
  - private/protocol/xml/xmlutil
  - service/cloudformation
  - service/sts
- name: github.com/fsnotify/fsnotify
  version: 4da3e2cfbabc9f751898f250b49f2439785783a1
- name: github.com/go-ini/ini
  version: e7fea39b01aea8d5671f6858f0532f56e8bff3a5
- name: github.com/hashicorp/hcl
  version: 7fa7fff964d035e8a162cce3a164b3ad02ad651b
  subpackages:
  - hcl/ast
  - hcl/parser
  - hcl/scanner
  - hcl/strconv
  - hcl/token
  - json/parser
  - json/scanner
  - json/token
- name: github.com/inconshreveable/mousetrap
  version: 76626ae9c91c4f2a10f34cad8ce83ea42c93bb75
- name: github.com/jmespath/go-jmespath
  version: bd40a432e4c76585ef6b72d3fd96fb9b6dc7b68d
- name: github.com/magiconair/properties
  version: 51463bfca2576e06c62a8504b5c0f06d61312647
- name: github.com/mitchellh/mapstructure
  version: cc8532a8e9a55ea36402aa21efdf403a60d34096
- name: github.com/pelletier/go-buffruneio
  version: c37440a7cf42ac63b919c752ca73a85067e05992
- name: github.com/pelletier/go-toml
  version: fe206efb84b2bc8e8cfafe6b4c1826622be969e3
- name: github.com/spf13/afero
  version: 9be650865eab0c12963d8753212f4f9c66cdcf12
  subpackages:
  - mem
- name: github.com/spf13/cast
  version: acbeb36b902d72a7a4c18e8f3241075e7ab763e4
- name: github.com/spf13/cobra
  version: 63121c8814fc0b99184dbc1c8b7ef4fddae437c3
- name: github.com/spf13/jwalterweatherman
  version: fa7ca7e836cf3a8bb4ebf799f472c12d7e903d66
- name: github.com/spf13/pflag
  version: 2300d0f8576fe575f71aaa5b9bbe4e1b0dc2eb51
- name: github.com/spf13/viper
  version: 0967fc9aceab2ce9da34061253ac10fb99bba5b2
- name: golang.org/x/sys
  version: ea9bcade75cb975a0b9738936568ab388b845617
  subpackages:
  - unix
- name: golang.org/x/text
  version: a9a820217f98f7c8a207ec1e45a874e1fe12c478
  subpackages:
  - transform
  - unicode/norm
- name: gopkg.in/yaml.v2
  version: cd8b52f8269e0feb286dfeef29f8fe4d5b397e0b
testImports: []
