# This file is autogenerated, do not edit; changes may be undone by the next 'dep ensure'.


[[projects]]
  digest = "1:d083eaf4bdb760f4e23298b7adca6f956f6f52624ccacd6ce5a318237076e9a2"
  name = "github.com/aws/aws-sdk-go"
  packages = [
    "aws",
    "aws/awserr",
    "aws/awsutil",
    "aws/client",
    "aws/client/metadata",
    "aws/corehandlers",
    "aws/credentials",
    "aws/credentials/ec2rolecreds",
    "aws/credentials/endpointcreds",
    "aws/credentials/stscreds",
    "aws/defaults",
    "aws/ec2metadata",
    "aws/endpoints",
    "aws/request",
    "aws/session",
    "aws/signer/v4",
    "internal/sdkio",
    "internal/sdkrand",
    "internal/shareddefaults",
    "private/protocol",
    "private/protocol/query",
    "private/protocol/query/queryutil",
    "private/protocol/rest",
    "private/protocol/xml/xmlutil",
    "service/cloudformation",
    "service/cloudformation/cloudformationiface",
    "service/sts",
  ]
  pruneopts = "UT"
  revision = "31bd69f7db00cbf3d85d129e16d42304cb6e455f"
  version = "v1.13.44"

[[projects]]
  digest = "1:4bb94bb2d837b5c7489d9e5e1fcffbc81fa1cb43024cbb4fe827787378f01e3b"
  name = "github.com/fatih/color"
  packages = ["."]
  pruneopts = "UT"
  revision = "507f6050b8568533fb3f5504de8e5205fa62a114"
  version = "v1.6.0"

[[projects]]
  digest = "1:38c783cf85b9454cc02a1a8319239800ed0af6c1c864adf19cea0539e134adad"
  name = "github.com/fsnotify/fsnotify"
  packages = ["."]
  pruneopts = "UT"
  revision = "4da3e2cfbabc9f751898f250b49f2439785783a1"

[[projects]]
  digest = "1:fb46255681497314debedde38b64be32a75bae50bad107586c22f1662bf2d352"
  name = "github.com/go-ini/ini"
  packages = ["."]
  pruneopts = "UT"
  revision = "06f5f3d67269ccec1fe5fe4134ba6e982984f7f5"
  version = "v1.37.0"

[[projects]]
  digest = "1:b5090146529377f77830ae60f254e37bbf9bb89aac519829405c1ac010d1ec97"
  name = "github.com/hashicorp/hcl"
  packages = [
    ".",
    "hcl/ast",
    "hcl/parser",
    "hcl/scanner",
    "hcl/strconv",
    "hcl/token",
    "json/parser",
    "json/scanner",
    "json/token",
  ]
  pruneopts = "UT"
  revision = "392dba7d905ed5d04a5794ba89f558b27e2ba1ca"

[[projects]]
  digest = "1:870d441fe217b8e689d7949fef6e43efbc787e50f200cb1e70dbca9204a1d6be"
  name = "github.com/inconshreveable/mousetrap"
  packages = ["."]
  pruneopts = "UT"
  revision = "76626ae9c91c4f2a10f34cad8ce83ea42c93bb75"
  version = "v1.0"

[[projects]]
  digest = "1:e22af8c7518e1eab6f2eab2b7d7558927f816262586cd6ed9f349c97a6c285c4"
  name = "github.com/jmespath/go-jmespath"
  packages = ["."]
  pruneopts = "UT"
  revision = "0b12d6b5"

[[projects]]
  digest = "1:79c55505b38424ce7dc479e8e0813db40245434db95a5d2e3390bfa24047b43c"
  name = "github.com/magiconair/properties"
  packages = ["."]
  pruneopts = "UT"
  revision = "51463bfca2576e06c62a8504b5c0f06d61312647"

[[projects]]
  digest = "1:c658e84ad3916da105a761660dcaeb01e63416c8ec7bc62256a9b411a05fcd67"
  name = "github.com/mattn/go-colorable"
  packages = ["."]
  pruneopts = "UT"
  revision = "167de6bfdfba052fa6b2d3664c8f5272e23c9072"
  version = "v0.0.9"

[[projects]]
  digest = "1:d4d17353dbd05cb52a2a52b7fe1771883b682806f68db442b436294926bbfafb"
  name = "github.com/mattn/go-isatty"
  packages = ["."]
  pruneopts = "UT"
  revision = "0360b2af4f38e8d38c7fce2a9f4e702702d73a39"
  version = "v0.0.3"

[[projects]]
  digest = "1:3b1bd950e1602fa2ae92650110628444bf205cca908d7491794b09e045a66ac0"
  name = "github.com/mitchellh/mapstructure"
  packages = ["."]
  pruneopts = "UT"
  revision = "cc8532a8e9a55ea36402aa21efdf403a60d34096"

[[projects]]
  digest = "1:b2ee62e09bec113cf086d2ce0769efcc7bf79481aba8373fd8f7884e94df3462"
  name = "github.com/pelletier/go-buffruneio"
  packages = ["."]
  pruneopts = "UT"
  revision = "c37440a7cf42ac63b919c752ca73a85067e05992"
  version = "v0.2.0"

[[projects]]
  digest = "1:ffc2c3199837b02191e80b27cec0c8a32599f93b97277e21ff739b518a34120c"
  name = "github.com/pelletier/go-toml"
  packages = ["."]
  pruneopts = "UT"
  revision = "23f644976aa7c724adf4aec911dadf4af17840ab"

[[projects]]
  digest = "1:40e195917a951a8bf867cd05de2a46aaf1806c50cf92eebf4c16f78cd196f747"
  name = "github.com/pkg/errors"
  packages = ["."]
  pruneopts = "UT"
  revision = "645ef00459ed84a119197bfb8d8205042c6df63d"
  version = "v0.8.0"

[[projects]]
  digest = "1:612c049404353b151a3d9fd779b72a0905df1f799056c29202ad84d4fcb1b748"
  name = "github.com/spf13/afero"
  packages = [
    ".",
    "mem",
  ]
  pruneopts = "UT"
  revision = "9be650865eab0c12963d8753212f4f9c66cdcf12"

[[projects]]
  digest = "1:9b28ee2984c69d78afe2ce52b1650ba91a6381f355ff08c1d0e53d9e66bd62fe"
  name = "github.com/spf13/cast"
  packages = ["."]
  pruneopts = "UT"
  revision = "acbeb36b902d72a7a4c18e8f3241075e7ab763e4"
  version = "v1.1.0"

[[projects]]
  digest = "1:72d32627c522be0bf1474e957e71d90579323f1ca9f396849b138aa76d494231"
  name = "github.com/spf13/cobra"
  packages = ["."]
  pruneopts = "UT"
  revision = "1362f95a8d6fe330d00a64380d6e0b65f4992c72"

[[projects]]
  digest = "1:a57e9df4ec9730e40dd6bac6f88c5dfa62159de9e7c3273fb7d829c09d4b20d2"
  name = "github.com/spf13/jwalterweatherman"
  packages = ["."]
  pruneopts = "UT"
  revision = "8f07c835e5cc1450c082fe3a439cf87b0cbb2d99"

[[projects]]
  digest = "1:1b21a2b4058a779f290c7341cd93267492e0ecea6c8b54f64a4a5fd7ff131034"
  name = "github.com/spf13/pflag"
  packages = ["."]
  pruneopts = "UT"
  revision = "e57e3eeb33f795204c1ca35f56c44f83227c6e66"
  version = "v1.0.0"

[[projects]]
  digest = "1:988cb1d740f5e90b338cc8fa4ae3977c75ab75a173792730d423da0f0d0575d2"
  name = "github.com/spf13/viper"
  packages = ["."]
  pruneopts = "UT"
  revision = "0967fc9aceab2ce9da34061253ac10fb99bba5b2"

[[projects]]
  digest = "1:f1275b0d1ed7d43eeb7a0464a148258f04e66a4783514d5c790d4e970cc7df6d"
  name = "golang.org/x/sys"
  packages = ["unix"]
  pruneopts = "UT"
  revision = "314a259e304ff91bd6985da2a7149bbf91237993"

[[projects]]
  digest = "1:c2e479b85643a71b8397b324f1d50dc9e7cb0db009dea2efc36ab67172a38bf3"
  name = "golang.org/x/text"
  packages = [
    "internal/gen",
    "internal/triegen",
    "internal/ucd",
    "transform",
    "unicode/cldr",
    "unicode/norm",
  ]
  pruneopts = "UT"
  revision = "470f45bf29f4147d6fbd7dfd0a02a848e49f5bf4"

[[projects]]
  digest = "1:35c04c23c8aef680782e117c67e29750453c92d11448da616d2e399887e5fc86"
  name = "gopkg.in/yaml.v2"
  packages = ["."]
  pruneopts = "UT"
  revision = "cd8b52f8269e0feb286dfeef29f8fe4d5b397e0b"

[solve-meta]
  analyzer-name = "dep"
  analyzer-version = 1
  input-imports = [
    "github.com/aws/aws-sdk-go/aws",
    "github.com/aws/aws-sdk-go/aws/awserr",
    "github.com/aws/aws-sdk-go/aws/credentials/stscreds",
    "github.com/aws/aws-sdk-go/aws/session",
    "github.com/aws/aws-sdk-go/service/cloudformation",
    "github.com/aws/aws-sdk-go/service/cloudformation/cloudformationiface",
    "github.com/fatih/color",
    "github.com/pkg/errors",
    "github.com/spf13/cobra",
    "github.com/spf13/viper",
  ]
  solver-name = "gps-cdcl"
  solver-version = 1
